Microsoft Visual Studio Solution File, Format Version 11.00
# Visual Studio 2008

Project("{D02DBEB7-C1D0-9BF8-0F35-4F49E069F443}") = "SP4_Test", "Assembly-CSharp-firstpass.csproj", "{D0E54036-1B5D-322A-CD86-D351DC423DB7}"
EndProject
Project("{D02DBEB7-C1D0-9BF8-0F35-4F49E069F443}") = "SP4_Test", "Assembly-CSharp.csproj", "{702AC8A0-B826-D6A6-35D1-87372648ED77}"
EndProject
Project("{D02DBEB7-C1D0-9BF8-0F35-4F49E069F443}") = "SP4_Test", "Assembly-CSharp-Editor.csproj", "{BED86BAA-D2E9-8A24-5117-AF67521B3D9C}"
EndProject
Global
	GlobalSection(SolutionConfigurationPlatforms) = preSolution
		Debug|Any CPU = Debug|Any CPU
		Release|Any CPU = Release|Any CPU
	EndGlobalSection
	GlobalSection(ProjectConfigurationPlatforms) = postSolution
		{D0E54036-1B5D-322A-CD86-D351DC423DB7}.Debug|Any CPU.ActiveCfg = Debug|Any CPU
		{D0E54036-1B5D-322A-CD86-D351DC423DB7}.Debug|Any CPU.Build.0 = Debug|Any CPU
		{D0E54036-1B5D-322A-CD86-D351DC423DB7}.Release|Any CPU.ActiveCfg = Release|Any CPU
		{D0E54036-1B5D-322A-CD86-D351DC423DB7}.Release|Any CPU.Build.0 = Release|Any CPU
		{702AC8A0-B826-D6A6-35D1-87372648ED77}.Debug|Any CPU.ActiveCfg = Debug|Any CPU
		{702AC8A0-B826-D6A6-35D1-87372648ED77}.Debug|Any CPU.Build.0 = Debug|Any CPU
		{702AC8A0-B826-D6A6-35D1-87372648ED77}.Release|Any CPU.ActiveCfg = Release|Any CPU
		{702AC8A0-B826-D6A6-35D1-87372648ED77}.Release|Any CPU.Build.0 = Release|Any CPU
		{BED86BAA-D2E9-8A24-5117-AF67521B3D9C}.Debug|Any CPU.ActiveCfg = Debug|Any CPU
		{BED86BAA-D2E9-8A24-5117-AF67521B3D9C}.Debug|Any CPU.Build.0 = Debug|Any CPU
		{BED86BAA-D2E9-8A24-5117-AF67521B3D9C}.Release|Any CPU.ActiveCfg = Release|Any CPU
		{BED86BAA-D2E9-8A24-5117-AF67521B3D9C}.Release|Any CPU.Build.0 = Release|Any CPU
	EndGlobalSection
	GlobalSection(SolutionProperties) = preSolution
		HideSolutionNode = FALSE
	EndGlobalSection
	GlobalSection(MonoDevelopProperties) = preSolution
		StartupItem = Assembly-CSharp.csproj
	EndGlobalSection
EndGlobal
